
Microsoft Visual Studio Solution File, Format Version 12.00
# Visual Studio Version 16
VisualStudioVersion = 16.0.29418.71
MinimumVisualStudioVersion = 10.0.40219.1
Project("{9A19103F-16F7-4668-BE54-9A1E7A4F7556}") = "GameMessageIdChecker", "GameMessageIdChecker\GameMessageIdChecker.csproj", "{6DC7F447-CB1E-456F-A0F1-5F1B9AD279E4}"
EndProject
Global
	GlobalSection(SolutionConfigurationPlatforms) = preSolution
		Debug|Any CPU = Debug|Any CPU
		Release|Any CPU = Release|Any CPU
	EndGlobalSection
	GlobalSection(ProjectConfigurationPlatforms) = postSolution
		{6DC7F447-CB1E-456F-A0F1-5F1B9AD279E4}.Debug|Any CPU.ActiveCfg = Debug|Any CPU
		{6DC7F447-CB1E-456F-A0F1-5F1B9AD279E4}.Debug|Any CPU.Build.0 = Debug|Any CPU
		{6DC7F447-CB1E-456F-A0F1-5F1B9AD279E4}.Release|Any CPU.ActiveCfg = Release|Any CPU
		{6DC7F447-CB1E-456F-A0F1-5F1B9AD279E4}.Release|Any CPU.Build.0 = Release|Any CPU
	EndGlobalSection
	GlobalSection(SolutionProperties) = preSolution
		HideSolutionNode = FALSE
	EndGlobalSection
	GlobalSection(ExtensibilityGlobals) = postSolution
		SolutionGuid = {5D9F430D-3486-4767-A499-881F40E0A9E1}
	EndGlobalSection
EndGlobal
